
Microsoft Visual Studio Solution File, Format Version 12.00
# Visual Studio Version 17
VisualStudioVersion = 17.2.32630.192
MinimumVisualStudioVersion = 10.0.40219.1
Project("{FAE04EC0-301F-11D3-BF4B-00C04F79EFBC}") = "MJPersonalSite", "MJPersonalSite\MJPersonalSite.csproj", "{516599D7-3397-4BCA-833D-E420684064A6}"
EndProject
Global
	GlobalSection(SolutionConfigurationPlatforms) = preSolution
		Debug|Any CPU = Debug|Any CPU
		Release|Any CPU = Release|Any CPU
	EndGlobalSection
	GlobalSection(ProjectConfigurationPlatforms) = postSolution
		{516599D7-3397-4BCA-833D-E420684064A6}.Debug|Any CPU.ActiveCfg = Debug|Any CPU
		{516599D7-3397-4BCA-833D-E420684064A6}.Debug|Any CPU.Build.0 = Debug|Any CPU
		{516599D7-3397-4BCA-833D-E420684064A6}.Release|Any CPU.ActiveCfg = Release|Any CPU
		{516599D7-3397-4BCA-833D-E420684064A6}.Release|Any CPU.Build.0 = Release|Any CPU
	EndGlobalSection
	GlobalSection(SolutionProperties) = preSolution
		HideSolutionNode = FALSE
	EndGlobalSection
	GlobalSection(ExtensibilityGlobals) = postSolution
		SolutionGuid = {565E11A7-48FB-4942-88E8-1C933A921E32}
	EndGlobalSection
EndGlobal
